
Microsoft Visual Studio Solution File, Format Version 12.00
# Visual Studio Version 17
VisualStudioVersion = 17.14.36705.20 d17.14
MinimumVisualStudioVersion = 10.0.40219.1
Project("{FAE04EC0-301F-11D3-BF4B-00C04F79EFBC}") = "DrawCat", "DrawCat.csproj", "{E06B19E3-986A-4611-BD3A-FF5C7A5F8111}"
EndProject
Global
	GlobalSection(SolutionConfigurationPlatforms) = preSolution
		Debug|Any CPU = Debug|Any CPU
		Release|Any CPU = Release|Any CPU
	EndGlobalSection
	GlobalSection(ProjectConfigurationPlatforms) = postSolution
		{E06B19E3-986A-4611-BD3A-FF5C7A5F8111}.Debug|Any CPU.ActiveCfg = Debug|Any CPU
		{E06B19E3-986A-4611-BD3A-FF5C7A5F8111}.Debug|Any CPU.Build.0 = Debug|Any CPU
		{E06B19E3-986A-4611-BD3A-FF5C7A5F8111}.Release|Any CPU.ActiveCfg = Release|Any CPU
		{E06B19E3-986A-4611-BD3A-FF5C7A5F8111}.Release|Any CPU.Build.0 = Release|Any CPU
	EndGlobalSection
	GlobalSection(SolutionProperties) = preSolution
		HideSolutionNode = FALSE
	EndGlobalSection
	GlobalSection(ExtensibilityGlobals) = postSolution
		SolutionGuid = {6EB3DA3F-6446-4FCA-A21E-9088CAAAA58F}
	EndGlobalSection
EndGlobal
