
Microsoft Visual Studio Solution File, Format Version 12.00
# Visual Studio Version 17
VisualStudioVersion = 17.14.36705.20 d17.14
MinimumVisualStudioVersion = 10.0.40219.1
Project("{8BC9CEB8-8B4A-11D0-8D11-00A0C91BC942}") = "Урок №7. Вложенный класс", "Урок №7. Вложенный класс.vcxproj", "{CF21F2CE-AF71-4B39-9968-52ACB6402B0B}"
EndProject
Global
	GlobalSection(SolutionConfigurationPlatforms) = preSolution
		Debug|x64 = Debug|x64
		Debug|x86 = Debug|x86
		Release|x64 = Release|x64
		Release|x86 = Release|x86
	EndGlobalSection
	GlobalSection(ProjectConfigurationPlatforms) = postSolution
		{CF21F2CE-AF71-4B39-9968-52ACB6402B0B}.Debug|x64.ActiveCfg = Debug|x64
		{CF21F2CE-AF71-4B39-9968-52ACB6402B0B}.Debug|x64.Build.0 = Debug|x64
		{CF21F2CE-AF71-4B39-9968-52ACB6402B0B}.Debug|x86.ActiveCfg = Debug|Win32
		{CF21F2CE-AF71-4B39-9968-52ACB6402B0B}.Debug|x86.Build.0 = Debug|Win32
		{CF21F2CE-AF71-4B39-9968-52ACB6402B0B}.Release|x64.ActiveCfg = Release|x64
		{CF21F2CE-AF71-4B39-9968-52ACB6402B0B}.Release|x64.Build.0 = Release|x64
		{CF21F2CE-AF71-4B39-9968-52ACB6402B0B}.Release|x86.ActiveCfg = Release|Win32
		{CF21F2CE-AF71-4B39-9968-52ACB6402B0B}.Release|x86.Build.0 = Release|Win32
	EndGlobalSection
	GlobalSection(SolutionProperties) = preSolution
		HideSolutionNode = FALSE
	EndGlobalSection
	GlobalSection(ExtensibilityGlobals) = postSolution
		SolutionGuid = {3523A01D-54A0-49C9-8842-A2567665DCF6}
	EndGlobalSection
EndGlobal
