
Microsoft Visual Studio Solution File, Format Version 12.00
# Visual Studio Version 17
VisualStudioVersion = 17.14.36705.20 d17.14
MinimumVisualStudioVersion = 10.0.40219.1
Project("{8BC9CEB8-8B4A-11D0-8D11-00A0C91BC942}") = "ClassDiagram", "ClassDiagram.vcxproj", "{712D334C-3E1D-4254-9D2C-F8F3E4F1BC98}"
EndProject
Global
	GlobalSection(SolutionConfigurationPlatforms) = preSolution
		Debug|x64 = Debug|x64
		Debug|x86 = Debug|x86
		Release|x64 = Release|x64
		Release|x86 = Release|x86
	EndGlobalSection
	GlobalSection(ProjectConfigurationPlatforms) = postSolution
		{712D334C-3E1D-4254-9D2C-F8F3E4F1BC98}.Debug|x64.ActiveCfg = Debug|x64
		{712D334C-3E1D-4254-9D2C-F8F3E4F1BC98}.Debug|x64.Build.0 = Debug|x64
		{712D334C-3E1D-4254-9D2C-F8F3E4F1BC98}.Debug|x86.ActiveCfg = Debug|Win32
		{712D334C-3E1D-4254-9D2C-F8F3E4F1BC98}.Debug|x86.Build.0 = Debug|Win32
		{712D334C-3E1D-4254-9D2C-F8F3E4F1BC98}.Release|x64.ActiveCfg = Release|x64
		{712D334C-3E1D-4254-9D2C-F8F3E4F1BC98}.Release|x64.Build.0 = Release|x64
		{712D334C-3E1D-4254-9D2C-F8F3E4F1BC98}.Release|x86.ActiveCfg = Release|Win32
		{712D334C-3E1D-4254-9D2C-F8F3E4F1BC98}.Release|x86.Build.0 = Release|Win32
	EndGlobalSection
	GlobalSection(SolutionProperties) = preSolution
		HideSolutionNode = FALSE
	EndGlobalSection
	GlobalSection(ExtensibilityGlobals) = postSolution
		SolutionGuid = {D0F08E9B-7C32-4B7A-B279-1F1B51DE6CB6}
	EndGlobalSection
EndGlobal
