
Microsoft Visual Studio Solution File, Format Version 12.00
# Visual Studio Version 17
VisualStudioVersion = 17.14.36429.23 d17.14
MinimumVisualStudioVersion = 10.0.40219.1
Project("{FAE04EC0-301F-11D3-BF4B-00C04F79EFBC}") = "AdapterUML", "AdapterUML.csproj", "{69D1E463-AE3D-40AF-8031-3112991C688F}"
EndProject
Global
	GlobalSection(SolutionConfigurationPlatforms) = preSolution
		Debug|Any CPU = Debug|Any CPU
		Release|Any CPU = Release|Any CPU
	EndGlobalSection
	GlobalSection(ProjectConfigurationPlatforms) = postSolution
		{69D1E463-AE3D-40AF-8031-3112991C688F}.Debug|Any CPU.ActiveCfg = Debug|Any CPU
		{69D1E463-AE3D-40AF-8031-3112991C688F}.Debug|Any CPU.Build.0 = Debug|Any CPU
		{69D1E463-AE3D-40AF-8031-3112991C688F}.Release|Any CPU.ActiveCfg = Release|Any CPU
		{69D1E463-AE3D-40AF-8031-3112991C688F}.Release|Any CPU.Build.0 = Release|Any CPU
	EndGlobalSection
	GlobalSection(SolutionProperties) = preSolution
		HideSolutionNode = FALSE
	EndGlobalSection
	GlobalSection(ExtensibilityGlobals) = postSolution
		SolutionGuid = {16973D67-53DD-47D9-8A09-35113A0AF9DB}
	EndGlobalSection
EndGlobal
